
Microsoft Visual Studio Solution File, Format Version 12.00
# Visual Studio Version 17
VisualStudioVersion = 17.13.35825.156 d17.13
MinimumVisualStudioVersion = 10.0.40219.1
Project("{FAE04EC0-301F-11D3-BF4B-00C04F79EFBC}") = "LaEmpresa.WebApp", "LaEmpresa.WebApp.csproj", "{187EB4F0-0C70-5185-190D-CA17F75D2CCF}"
EndProject
Global
	GlobalSection(SolutionConfigurationPlatforms) = preSolution
		Debug|Any CPU = Debug|Any CPU
		Release|Any CPU = Release|Any CPU
	EndGlobalSection
	GlobalSection(ProjectConfigurationPlatforms) = postSolution
		{187EB4F0-0C70-5185-190D-CA17F75D2CCF}.Debug|Any CPU.ActiveCfg = Debug|Any CPU
		{187EB4F0-0C70-5185-190D-CA17F75D2CCF}.Debug|Any CPU.Build.0 = Debug|Any CPU
		{187EB4F0-0C70-5185-190D-CA17F75D2CCF}.Release|Any CPU.ActiveCfg = Release|Any CPU
		{187EB4F0-0C70-5185-190D-CA17F75D2CCF}.Release|Any CPU.Build.0 = Release|Any CPU
	EndGlobalSection
	GlobalSection(SolutionProperties) = preSolution
		HideSolutionNode = FALSE
	EndGlobalSection
	GlobalSection(ExtensibilityGlobals) = postSolution
		SolutionGuid = {FC0D5459-D130-4487-808C-BE45799C888C}
	EndGlobalSection
EndGlobal
